Microsoft Visual Studio Solution File, Format Version 12.00
# Visual Studio 2012
Project("{FAE04EC0-301F-11D3-BF4B-00C04F79EFBC}") = "TwinStickSkeleton", "TwinStickSkeleton.csproj", "{FF20A3D9-F159-4AF8-B7C7-A700FAFB3080}"
EndProject
Global
	GlobalSection(SolutionConfigurationPlatforms) = preSolution
	Debug|Any CPU = Debug|Any CPU
	ExportDebug|Any CPU = ExportDebug|Any CPU
	ExportRelease|Any CPU = ExportRelease|Any CPU
	EndGlobalSection
	GlobalSection(ProjectConfigurationPlatforms) = postSolution
		{FF20A3D9-F159-4AF8-B7C7-A700FAFB3080}.Debug|Any CPU.ActiveCfg = Debug|Any CPU
		{FF20A3D9-F159-4AF8-B7C7-A700FAFB3080}.Debug|Any CPU.Build.0 = Debug|Any CPU
		{FF20A3D9-F159-4AF8-B7C7-A700FAFB3080}.ExportDebug|Any CPU.ActiveCfg = ExportDebug|Any CPU
		{FF20A3D9-F159-4AF8-B7C7-A700FAFB3080}.ExportDebug|Any CPU.Build.0 = ExportDebug|Any CPU
		{FF20A3D9-F159-4AF8-B7C7-A700FAFB3080}.ExportRelease|Any CPU.ActiveCfg = ExportRelease|Any CPU
		{FF20A3D9-F159-4AF8-B7C7-A700FAFB3080}.ExportRelease|Any CPU.Build.0 = ExportRelease|Any CPU
	EndGlobalSection
EndGlobal
